{
  "name": "gatekeeper",
  "version": "1.0.0",
  "lockfileVersion": 1,
  "requires": true,
  "dependencies": {
    "cosmetic": {
      "version": "1.2.1",
      "resolved": "https://registry.npmjs.org/cosmetic/-/cosmetic-1.2.1.tgz",
      "integrity": "sha512-uJ4LaMYGinGsbRGxYzAabIyb4aXTt5CAlZFYwNw4j3yODVJdTcuBveDj4qIvsXydukf9fQqWsYiHYNvFujmOyQ=="
    },
    "termkit": {
      "version": "1.5.0",
      "resolved": "https://registry.npmjs.org/termkit/-/termkit-1.5.0.tgz",
      "integrity": "sha512-NllRzmrJrWUSq7vzftr/75OfmNcQT0jcpq3gW8l7xcwnUdOwvcNOVZ7M7U+3MsPWrK0eUTIg3M+zKv8bRhILqw==",
      "requires": {
        "cosmetic": "^1.2.1"
      }
    }
  }
}
