{
  "name": "gatekeeper",
  "version": "1.0.0",
  "lockfileVersion": 1,
  "requires": true,
  "dependencies": {
    "cosmetic": {
      "version": "1.2.1",
      "resolved": "https://registry.npmjs.org/cosmetic/-/cosmetic-1.2.1.tgz",
      "integrity": "sha512-uJ4LaMYGinGsbRGxYzAabIyb4aXTt5CAlZFYwNw4j3yODVJdTcuBveDj4qIvsXydukf9fQqWsYiHYNvFujmOyQ=="
    },
    "termkit": {
      "version": "1.4.9",
      "resolved": "https://registry.npmjs.org/termkit/-/termkit-1.4.9.tgz",
      "integrity": "sha512-NuaEMS02jdRfYXYTugHX+mLPd3ArppOixQ1ZcCqzC+5pwXgX3tS65h65mZU/5lthQFBscdv5skR3gzC3vk3lHA==",
      "requires": {
        "cosmetic": "^1.1.1"
      }
    }
  }
}
